
Microsoft Visual Studio Solution File, Format Version 12.00
# Visual Studio Version 16
VisualStudioVersion = 16.0.29709.97
MinimumVisualStudioVersion = 10.0.40219.1
Project("{FAE04EC0-301F-11D3-BF4B-00C04F79EFBC}") = "hbtsapplication.Android", "hbtsapplication.Android\hbtsapplication.Android.csproj", "{FEC76250-E4C7-4C6C-9E0C-6C8B76CEFA7C}"
EndProject
Project("{9A19103F-16F7-4668-BE54-9A1E7A4F7556}") = "hbtsapplication", "hbtsapplication\hbtsapplication.csproj", "{9658C486-BEE9-4E24-B324-0C83C786EECE}"
EndProject
Project("{2150E333-8FDC-42A3-9474-1A3956D46DE8}") = "Solution Items", "Solution Items", "{732E7C5B-6C55-4F1C-BA94-FF990A9CE03F}"
	ProjectSection(SolutionItems) = preProject
		.editorconfig = .editorconfig
	EndProjectSection
EndProject
Global
	GlobalSection(SolutionConfigurationPlatforms) = preSolution
		Debug|Any CPU = Debug|Any CPU
		Debug|iPhone = Debug|iPhone
		Debug|iPhoneSimulator = Debug|iPhoneSimulator
		Release|Any CPU = Release|Any CPU
		Release|iPhone = Release|iPhone
		Release|iPhoneSimulator = Release|iPhoneSimulator
	EndGlobalSection
	GlobalSection(ProjectConfigurationPlatforms) = postSolution
		{FEC76250-E4C7-4C6C-9E0C-6C8B76CEFA7C}.Debug|Any CPU.ActiveCfg = Debug|Any CPU
		{FEC76250-E4C7-4C6C-9E0C-6C8B76CEFA7C}.Debug|Any CPU.Build.0 = Debug|Any CPU
		{FEC76250-E4C7-4C6C-9E0C-6C8B76CEFA7C}.Debug|Any CPU.Deploy.0 = Debug|Any CPU
		{FEC76250-E4C7-4C6C-9E0C-6C8B76CEFA7C}.Debug|iPhone.ActiveCfg = Debug|Any CPU
		{FEC76250-E4C7-4C6C-9E0C-6C8B76CEFA7C}.Debug|iPhone.Build.0 = Debug|Any CPU
		{FEC76250-E4C7-4C6C-9E0C-6C8B76CEFA7C}.Debug|iPhone.Deploy.0 = Debug|Any CPU
		{FEC76250-E4C7-4C6C-9E0C-6C8B76CEFA7C}.Debug|iPhoneSimulator.ActiveCfg = Debug|Any CPU
		{FEC76250-E4C7-4C6C-9E0C-6C8B76CEFA7C}.Debug|iPhoneSimulator.Build.0 = Debug|Any CPU
		{FEC76250-E4C7-4C6C-9E0C-6C8B76CEFA7C}.Debug|iPhoneSimulator.Deploy.0 = Debug|Any CPU
		{FEC76250-E4C7-4C6C-9E0C-6C8B76CEFA7C}.Release|Any CPU.ActiveCfg = Release|Any CPU
		{FEC76250-E4C7-4C6C-9E0C-6C8B76CEFA7C}.Release|Any CPU.Build.0 = Release|Any CPU
		{FEC76250-E4C7-4C6C-9E0C-6C8B76CEFA7C}.Release|Any CPU.Deploy.0 = Release|Any CPU
		{FEC76250-E4C7-4C6C-9E0C-6C8B76CEFA7C}.Release|iPhone.ActiveCfg = Release|Any CPU
		{FEC76250-E4C7-4C6C-9E0C-6C8B76CEFA7C}.Release|iPhone.Build.0 = Release|Any CPU
		{FEC76250-E4C7-4C6C-9E0C-6C8B76CEFA7C}.Release|iPhone.Deploy.0 = Release|Any CPU
		{FEC76250-E4C7-4C6C-9E0C-6C8B76CEFA7C}.Release|iPhoneSimulator.ActiveCfg = Release|Any CPU
		{FEC76250-E4C7-4C6C-9E0C-6C8B76CEFA7C}.Release|iPhoneSimulator.Build.0 = Release|Any CPU
		{FEC76250-E4C7-4C6C-9E0C-6C8B76CEFA7C}.Release|iPhoneSimulator.Deploy.0 = Release|Any CPU
		{9658C486-BEE9-4E24-B324-0C83C786EECE}.Debug|Any CPU.ActiveCfg = Debug|Any CPU
		{9658C486-BEE9-4E24-B324-0C83C786EECE}.Debug|Any CPU.Build.0 = Debug|Any CPU
		{9658C486-BEE9-4E24-B324-0C83C786EECE}.Debug|Any CPU.Deploy.0 = Debug|Any CPU
		{9658C486-BEE9-4E24-B324-0C83C786EECE}.Debug|iPhone.ActiveCfg = Debug|Any CPU
		{9658C486-BEE9-4E24-B324-0C83C786EECE}.Debug|iPhone.Build.0 = Debug|Any CPU
		{9658C486-BEE9-4E24-B324-0C83C786EECE}.Debug|iPhoneSimulator.ActiveCfg = Debug|Any CPU
		{9658C486-BEE9-4E24-B324-0C83C786EECE}.Debug|iPhoneSimulator.Build.0 = Debug|Any CPU
		{9658C486-BEE9-4E24-B324-0C83C786EECE}.Release|Any CPU.ActiveCfg = Release|Any CPU
		{9658C486-BEE9-4E24-B324-0C83C786EECE}.Release|Any CPU.Build.0 = Release|Any CPU
		{9658C486-BEE9-4E24-B324-0C83C786EECE}.Release|Any CPU.Deploy.0 = Release|Any CPU
		{9658C486-BEE9-4E24-B324-0C83C786EECE}.Release|iPhone.ActiveCfg = Release|Any CPU
		{9658C486-BEE9-4E24-B324-0C83C786EECE}.Release|iPhone.Build.0 = Release|Any CPU
		{9658C486-BEE9-4E24-B324-0C83C786EECE}.Release|iPhoneSimulator.ActiveCfg = Release|Any CPU
		{9658C486-BEE9-4E24-B324-0C83C786EECE}.Release|iPhoneSimulator.Build.0 = Release|Any CPU
	EndGlobalSection
	GlobalSection(SolutionProperties) = preSolution
		HideSolutionNode = FALSE
	EndGlobalSection
	GlobalSection(ExtensibilityGlobals) = postSolution
		SolutionGuid = {33981781-BCD2-49C1-9295-8C7142160DA4}
	EndGlobalSection
EndGlobal
